
Microsoft Visual Studio Solution File, Format Version 12.00
# Visual Studio 15
VisualStudioVersion = 15.0.26124.0
MinimumVisualStudioVersion = 15.0.26124.0
Project("{FAE04EC0-301F-11D3-BF4B-00C04F79EFBC}") = "GameFull", "GameFull\GameFull.csproj", "{E0131573-45AD-4D26-A50C-39E37C2BE0CA}"
EndProject
Project("{FAE04EC0-301F-11D3-BF4B-00C04F79EFBC}") = "GameFull.Lib", "GameFull.Lib\GameFull.Lib.csproj", "{220A168F-0984-4702-AAB9-9C0D7494AA67}"
EndProject
Project("{FAE04EC0-301F-11D3-BF4B-00C04F79EFBC}") = "GameFull.Interface", "GameFull.Interface\GameFull.Interface.csproj", "{DEC1C650-37A9-4A8C-9CBB-9F523252F6E8}"
EndProject
Global
	GlobalSection(SolutionConfigurationPlatforms) = preSolution
		Debug|Any CPU = Debug|Any CPU
		Debug|x64 = Debug|x64
		Debug|x86 = Debug|x86
		Release|Any CPU = Release|Any CPU
		Release|x64 = Release|x64
		Release|x86 = Release|x86
	EndGlobalSection
	GlobalSection(SolutionProperties) = preSolution
		HideSolutionNode = FALSE
	EndGlobalSection
	GlobalSection(ProjectConfigurationPlatforms) = postSolution
		{E0131573-45AD-4D26-A50C-39E37C2BE0CA}.Debug|Any CPU.ActiveCfg = Debug|Any CPU
		{E0131573-45AD-4D26-A50C-39E37C2BE0CA}.Debug|Any CPU.Build.0 = Debug|Any CPU
		{E0131573-45AD-4D26-A50C-39E37C2BE0CA}.Debug|x64.ActiveCfg = Debug|Any CPU
		{E0131573-45AD-4D26-A50C-39E37C2BE0CA}.Debug|x64.Build.0 = Debug|Any CPU
		{E0131573-45AD-4D26-A50C-39E37C2BE0CA}.Debug|x86.ActiveCfg = Debug|Any CPU
		{E0131573-45AD-4D26-A50C-39E37C2BE0CA}.Debug|x86.Build.0 = Debug|Any CPU
		{E0131573-45AD-4D26-A50C-39E37C2BE0CA}.Release|Any CPU.ActiveCfg = Release|Any CPU
		{E0131573-45AD-4D26-A50C-39E37C2BE0CA}.Release|Any CPU.Build.0 = Release|Any CPU
		{E0131573-45AD-4D26-A50C-39E37C2BE0CA}.Release|x64.ActiveCfg = Release|Any CPU
		{E0131573-45AD-4D26-A50C-39E37C2BE0CA}.Release|x64.Build.0 = Release|Any CPU
		{E0131573-45AD-4D26-A50C-39E37C2BE0CA}.Release|x86.ActiveCfg = Release|Any CPU
		{E0131573-45AD-4D26-A50C-39E37C2BE0CA}.Release|x86.Build.0 = Release|Any CPU
		{220A168F-0984-4702-AAB9-9C0D7494AA67}.Debug|Any CPU.ActiveCfg = Debug|Any CPU
		{220A168F-0984-4702-AAB9-9C0D7494AA67}.Debug|Any CPU.Build.0 = Debug|Any CPU
		{220A168F-0984-4702-AAB9-9C0D7494AA67}.Debug|x64.ActiveCfg = Debug|Any CPU
		{220A168F-0984-4702-AAB9-9C0D7494AA67}.Debug|x64.Build.0 = Debug|Any CPU
		{220A168F-0984-4702-AAB9-9C0D7494AA67}.Debug|x86.ActiveCfg = Debug|Any CPU
		{220A168F-0984-4702-AAB9-9C0D7494AA67}.Debug|x86.Build.0 = Debug|Any CPU
		{220A168F-0984-4702-AAB9-9C0D7494AA67}.Release|Any CPU.ActiveCfg = Release|Any CPU
		{220A168F-0984-4702-AAB9-9C0D7494AA67}.Release|Any CPU.Build.0 = Release|Any CPU
		{220A168F-0984-4702-AAB9-9C0D7494AA67}.Release|x64.ActiveCfg = Release|Any CPU
		{220A168F-0984-4702-AAB9-9C0D7494AA67}.Release|x64.Build.0 = Release|Any CPU
		{220A168F-0984-4702-AAB9-9C0D7494AA67}.Release|x86.ActiveCfg = Release|Any CPU
		{220A168F-0984-4702-AAB9-9C0D7494AA67}.Release|x86.Build.0 = Release|Any CPU
		{DEC1C650-37A9-4A8C-9CBB-9F523252F6E8}.Debug|Any CPU.ActiveCfg = Debug|Any CPU
		{DEC1C650-37A9-4A8C-9CBB-9F523252F6E8}.Debug|Any CPU.Build.0 = Debug|Any CPU
		{DEC1C650-37A9-4A8C-9CBB-9F523252F6E8}.Debug|x64.ActiveCfg = Debug|Any CPU
		{DEC1C650-37A9-4A8C-9CBB-9F523252F6E8}.Debug|x64.Build.0 = Debug|Any CPU
		{DEC1C650-37A9-4A8C-9CBB-9F523252F6E8}.Debug|x86.ActiveCfg = Debug|Any CPU
		{DEC1C650-37A9-4A8C-9CBB-9F523252F6E8}.Debug|x86.Build.0 = Debug|Any CPU
		{DEC1C650-37A9-4A8C-9CBB-9F523252F6E8}.Release|Any CPU.ActiveCfg = Release|Any CPU
		{DEC1C650-37A9-4A8C-9CBB-9F523252F6E8}.Release|Any CPU.Build.0 = Release|Any CPU
		{DEC1C650-37A9-4A8C-9CBB-9F523252F6E8}.Release|x64.ActiveCfg = Release|Any CPU
		{DEC1C650-37A9-4A8C-9CBB-9F523252F6E8}.Release|x64.Build.0 = Release|Any CPU
		{DEC1C650-37A9-4A8C-9CBB-9F523252F6E8}.Release|x86.ActiveCfg = Release|Any CPU
		{DEC1C650-37A9-4A8C-9CBB-9F523252F6E8}.Release|x86.Build.0 = Release|Any CPU
	EndGlobalSection
EndGlobal
